// !$*UTF8*$!
{
	archiveVersion = 1;
	classes = {
	};
	objectVersion = 46;
	objects = {

/* Begin PBXBuildFile section */
		BE40B442175C3C150065C0FE /* UIKit.framework in Frameworks */ = {isa = PBXBuildFile; fileRef = BE40B441175C3C150065C0FE /* UIKit.framework */; };
		BE40B444175C3C150065C0FE /* Foundation.framework in Frameworks */ = {isa = PBXBuildFile; fileRef = BE40B443175C3C150065C0FE /* Foundation.framework */; };
		BE40B446175C3C150065C0FE /* CoreGraphics.framework in Frameworks */ = {isa = PBXBuildFile; fileRef = BE40B445175C3C150065C0FE /* CoreGraphics.framework */; };
		BE40B44C175C3C150065C0FE /* InfoPlist.strings in Resources */ = {isa = PBXBuildFile; fileRef = BE40B44A175C3C150065C0FE /* InfoPlist.strings */; };
		BE40B44E175C3C150065C0FE /* main.m in Sources */ = {isa = PBXBuildFile; fileRef = BE40B44D175C3C150065C0FE /* main.m */; };
		BE40B452175C3C150065C0FE /* AppDelegate.m in Sources */ = {isa = PBXBuildFile; fileRef = BE40B451175C3C150065C0FE /* AppDelegate.m */; };
		BE40B454175C3C150065C0FE /* Default.png in Resources */ = {isa = PBXBuildFile; fileRef = BE40B453175C3C150065C0FE /* Default.png */; };
		BE40B456175C3C150065C0FE /* Default@2x.png in Resources */ = {isa = PBXBuildFile; fileRef = BE40B455175C3C150065C0FE /* Default@2x.png */; };
		BE40B458175C3C150065C0FE /* Default-568h@2x.png in Resources */ = {isa = PBXBuildFile; fileRef = BE40B457175C3C150065C0FE /* Default-568h@2x.png */; };
		BE40B45B175C3C150065C0FE /* MainStoryboard_iPhone.storyboard in Resources */ = {isa = PBXBuildFile; fileRef = BE40B459175C3C150065C0FE /* MainStoryboard_iPhone.storyboard */; };
		BE40B461175C3C150065C0FE /* ViewController.m in Sources */ = {isa = PBXBuildFile; fileRef = BE40B460175C3C150065C0FE /* ViewController.m */; };
		BE40B469175C3C6D0065C0FE /* icomoon.ttf in Resources */ = {isa = PBXBuildFile; fileRef = BE40B468175C3C6D0065C0FE /* icomoon.ttf */; };
		BE40B46C175C3FB50065C0FE /* IcoMoon.m in Sources */ = {isa = PBXBuildFile; fileRef = BE40B46B175C3FB50065C0FE /* IcoMoon.m */; };
/* End PBXBuildFile section */

/* Begin PBXFileReference section */
		BE40B43E175C3C150065C0FE /* ExampleApp.app */ = {isa = PBXFileReference; explicitFileType = wrapper.application; includeInIndex = 0; path = ExampleApp.app; sourceTree = BUILT_PRODUCTS_DIR; };
		BE40B441175C3C150065C0FE /* UIKit.framework */ = {isa = PBXFileReference; lastKnownFileType = wrapper.framework; name = UIKit.framework; path = System/Library/Frameworks/UIKit.framework; sourceTree = SDKROOT; };
		BE40B443175C3C150065C0FE /* Foundation.framework */ = {isa = PBXFileReference; lastKnownFileType = wrapper.framework; name = Foundation.framework; path = System/Library/Frameworks/Foundation.framework; sourceTree = SDKROOT; };
		BE40B445175C3C150065C0FE /* CoreGraphics.framework */ = {isa = PBXFileReference; lastKnownFileType = wrapper.framework; name = CoreGraphics.framework; path = System/Library/Frameworks/CoreGraphics.framework; sourceTree = SDKROOT; };
		BE40B449175C3C150065C0FE /* ExampleApp-Info.plist */ = {isa = PBXFileReference; lastKnownFileType = text.plist.xml; path = "ExampleApp-Info.plist"; sourceTree = "<group>"; };
		BE40B44B175C3C150065C0FE /* en */ = {isa = PBXFileReference; lastKnownFileType = text.plist.strings; name = en; path = en.lproj/InfoPlist.strings; sourceTree = "<group>"; };
		BE40B44D175C3C150065C0FE /* main.m */ = {isa = PBXFileReference; lastKnownFileType = sourcecode.c.objc; path = main.m; sourceTree = "<group>"; };
		BE40B44F175C3C150065C0FE /* ExampleApp-Prefix.pch */ = {isa = PBXFileReference; lastKnownFileType = sourcecode.c.h; path = "ExampleApp-Prefix.pch"; sourceTree = "<group>"; };
		BE40B450175C3C150065C0FE /* AppDelegate.h */ = {isa = PBXFileReference; lastKnownFileType = sourcecode.c.h; path = AppDelegate.h; sourceTree = "<group>"; };
		BE40B451175C3C150065C0FE /* AppDelegate.m */ = {isa = PBXFileReference; lastKnownFileType = sourcecode.c.objc; path = AppDelegate.m; sourceTree = "<group>"; };
		BE40B453175C3C150065C0FE /* Default.png */ = {isa = PBXFileReference; lastKnownFileType = image.png; path = Default.png; sourceTree = "<group>"; };
		BE40B455175C3C150065C0FE /* Default@2x.png */ = {isa = PBXFileReference; lastKnownFileType = image.png; path = "Default@2x.png"; sourceTree = "<group>"; };
		BE40B457175C3C150065C0FE /* Default-568h@2x.png */ = {isa = PBXFileReference; lastKnownFileType = image.png; path = "Default-568h@2x.png"; sourceTree = "<group>"; };
		BE40B45A175C3C150065C0FE /* en */ = {isa = PBXFileReference; lastKnownFileType = file.storyboard; name = en; path = en.lproj/MainStoryboard_iPhone.storyboard; sourceTree = "<group>"; };
		BE40B45F175C3C150065C0FE /* ViewController.h */ = {isa = PBXFileReference; lastKnownFileType = sourcecode.c.h; path = ViewController.h; sourceTree = "<group>"; };
		BE40B460175C3C150065C0FE /* ViewController.m */ = {isa = PBXFileReference; lastKnownFileType = sourcecode.c.objc; path = ViewController.m; sourceTree = "<group>"; };
		BE40B467175C3C5D0065C0FE /* IcomoonIcons.h */ = {isa = PBXFileReference; fileEncoding = 4; lastKnownFileType = sourcecode.c.h; path = IcomoonIcons.h; sourceTree = "<group>"; };
		BE40B468175C3C6D0065C0FE /* icomoon.ttf */ = {isa = PBXFileReference; lastKnownFileType = file; path = icomoon.ttf; sourceTree = "<group>"; };
		BE40B46A175C3FB50065C0FE /* IcoMoon.h */ = {isa = PBXFileReference; fileEncoding = 4; lastKnownFileType = sourcecode.c.h; path = IcoMoon.h; sourceTree = "<group>"; };
		BE40B46B175C3FB50065C0FE /* IcoMoon.m */ = {isa = PBXFileReference; fileEncoding = 4; lastKnownFileType = sourcecode.c.objc; path = IcoMoon.m; sourceTree = "<group>"; };
/* End PBXFileReference section */

/* Begin PBXFrameworksBuildPhase section */
		BE40B43B175C3C150065C0FE /* Frameworks */ = {
			isa = PBXFrameworksBuildPhase;
			buildActionMask = 2147483647;
			files = (
				BE40B442175C3C150065C0FE /* UIKit.framework in Frameworks */,
				BE40B444175C3C150065C0FE /* Foundation.framework in Frameworks */,
				BE40B446175C3C150065C0FE /* CoreGraphics.framework in Frameworks */,
			);
			runOnlyForDeploymentPostprocessing = 0;
		};
/* End PBXFrameworksBuildPhase section */

/* Begin PBXGroup section */
		BE40B435175C3C150065C0FE = {
			isa = PBXGroup;
			children = (
				BE40B447175C3C150065C0FE /* ExampleApp */,
				BE40B440175C3C150065C0FE /* Frameworks */,
				BE40B43F175C3C150065C0FE /* Products */,
			);
			sourceTree = "<group>";
		};
		BE40B43F175C3C150065C0FE /* Products */ = {
			isa = PBXGroup;
			children = (
				BE40B43E175C3C150065C0FE /* ExampleApp.app */,
			);
			name = Products;
			sourceTree = "<group>";
		};
		BE40B440175C3C150065C0FE /* Frameworks */ = {
			isa = PBXGroup;
			children = (
				BE40B441175C3C150065C0FE /* UIKit.framework */,
				BE40B443175C3C150065C0FE /* Foundation.framework */,
				BE40B445175C3C150065C0FE /* CoreGraphics.framework */,
			);
			name = Frameworks;
			sourceTree = "<group>";
		};
		BE40B447175C3C150065C0FE /* ExampleApp */ = {
			isa = PBXGroup;
			children = (
				BE40B450175C3C150065C0FE /* AppDelegate.h */,
				BE40B451175C3C150065C0FE /* AppDelegate.m */,
				BE40B459175C3C150065C0FE /* MainStoryboard_iPhone.storyboard */,
				BE40B45F175C3C150065C0FE /* ViewController.h */,
				BE40B460175C3C150065C0FE /* ViewController.m */,
				BE40B467175C3C5D0065C0FE /* IcomoonIcons.h */,
				BE40B46A175C3FB50065C0FE /* IcoMoon.h */,
				BE40B46B175C3FB50065C0FE /* IcoMoon.m */,
				BE40B468175C3C6D0065C0FE /* icomoon.ttf */,
				BE40B448175C3C150065C0FE /* Supporting Files */,
			);
			path = ExampleApp;
			sourceTree = "<group>";
		};
		BE40B448175C3C150065C0FE /* Supporting Files */ = {
			isa = PBXGroup;
			children = (
				BE40B449175C3C150065C0FE /* ExampleApp-Info.plist */,
				BE40B44A175C3C150065C0FE /* InfoPlist.strings */,
				BE40B44D175C3C150065C0FE /* main.m */,
				BE40B44F175C3C150065C0FE /* ExampleApp-Prefix.pch */,
				BE40B453175C3C150065C0FE /* Default.png */,
				BE40B455175C3C150065C0FE /* Default@2x.png */,
				BE40B457175C3C150065C0FE /* Default-568h@2x.png */,
			);
			name = "Supporting Files";
			sourceTree = "<group>";
		};
/* End PBXGroup section */

/* Begin PBXNativeTarget section */
		BE40B43D175C3C150065C0FE /* ExampleApp */ = {
			isa = PBXNativeTarget;
			buildConfigurationList = BE40B464175C3C150065C0FE /* Build configuration list for PBXNativeTarget "ExampleApp" */;
			buildPhases = (
				BE40B43A175C3C150065C0FE /* Sources */,
				BE40B43B175C3C150065C0FE /* Frameworks */,
				BE40B43C175C3C150065C0FE /* Resources */,
			);
			buildRules = (
			);
			dependencies = (
			);
			name = ExampleApp;
			productName = ExampleApp;
			productReference = BE40B43E175C3C150065C0FE /* ExampleApp.app */;
			productType = "com.apple.product-type.application";
		};
/* End PBXNativeTarget section */

/* Begin PBXProject section */
		BE40B436175C3C150065C0FE /* Project object */ = {
			isa = PBXProject;
			attributes = {
				LastUpgradeCheck = 0460;
				ORGANIZATIONNAME = Sebastien;
			};
			buildConfigurationList = BE40B439175C3C150065C0FE /* Build configuration list for PBXProject "ExampleApp" */;
			compatibilityVersion = "Xcode 3.2";
			developmentRegion = English;
			hasScannedForEncodings = 0;
			knownRegions = (
				en,
			);
			mainGroup = BE40B435175C3C150065C0FE;
			productRefGroup = BE40B43F175C3C150065C0FE /* Products */;
			projectDirPath = "";
			projectRoot = "";
			targets = (
				BE40B43D175C3C150065C0FE /* ExampleApp */,
			);
		};
/* End PBXProject section */

/* Begin PBXResourcesBuildPhase section */
		BE40B43C175C3C150065C0FE /* Resources */ = {
			isa = PBXResourcesBuildPhase;
			buildActionMask = 2147483647;
			files = (
				BE40B44C175C3C150065C0FE /* InfoPlist.strings in Resources */,
				BE40B454175C3C150065C0FE /* Default.png in Resources */,
				BE40B456175C3C150065C0FE /* Default@2x.png in Resources */,
				BE40B458175C3C150065C0FE /* Default-568h@2x.png in Resources */,
				BE40B45B175C3C150065C0FE /* MainStoryboard_iPhone.storyboard in Resources */,
				BE40B469175C3C6D0065C0FE /* icomoon.ttf in Resources */,
			);
			runOnlyForDeploymentPostprocessing = 0;
		};
/* End PBXResourcesBuildPhase section */

/* Begin PBXSourcesBuildPhase section */
		BE40B43A175C3C150065C0FE /* Sources */ = {
			isa = PBXSourcesBuildPhase;
			buildActionMask = 2147483647;
			files = (
				BE40B44E175C3C150065C0FE /* main.m in Sources */,
				BE40B452175C3C150065C0FE /* AppDelegate.m in Sources */,
				BE40B461175C3C150065C0FE /* ViewController.m in Sources */,
				BE40B46C175C3FB50065C0FE /* IcoMoon.m in Sources */,
			);
			runOnlyForDeploymentPostprocessing = 0;
		};
/* End PBXSourcesBuildPhase section */

/* Begin PBXVariantGroup section */
		BE40B44A175C3C150065C0FE /* InfoPlist.strings */ = {
			isa = PBXVariantGroup;
			children = (
				BE40B44B175C3C150065C0FE /* en */,
			);
			name = InfoPlist.strings;
			sourceTree = "<group>";
		};
		BE40B459175C3C150065C0FE /* MainStoryboard_iPhone.storyboard */ = {
			isa = PBXVariantGroup;
			children = (
				BE40B45A175C3C150065C0FE /* en */,
			);
			name = MainStoryboard_iPhone.storyboard;
			sourceTree = "<group>";
		};
/* End PBXVariantGroup section */

/* Begin XCBuildConfiguration section */
		BE40B462175C3C150065C0FE /* Debug */ = {
			isa = XCBuildConfiguration;
			buildSettings = {
				ALWAYS_SEARCH_USER_PATHS = NO;
				CLANG_CXX_LANGUAGE_STANDARD = "gnu++0x";
				CLANG_CXX_LIBRARY = "libc++";
				CLANG_ENABLE_OBJC_ARC = YES;
				CLANG_WARN_CONSTANT_CONVERSION = YES;
				CLANG_WARN_EMPTY_BODY = YES;
				CLANG_WARN_ENUM_CONVERSION = YES;
				CLANG_WARN_INT_CONVERSION = YES;
				CLANG_WARN__DUPLICATE_METHOD_MATCH = YES;
				"CODE_SIGN_IDENTITY[sdk=iphoneos*]" = "iPhone Developer";
				COPY_PHASE_STRIP = NO;
				GCC_C_LANGUAGE_STANDARD = gnu99;
				GCC_DYNAMIC_NO_PIC = NO;
				GCC_OPTIMIZATION_LEVEL = 0;
				GCC_PREPROCESSOR_DEFINITIONS = (
					"DEBUG=1",
					"$(inherited)",
				);
				GCC_SYMBOLS_PRIVATE_EXTERN = NO;
				GCC_WARN_ABOUT_RETURN_TYPE = YES;
				GCC_WARN_UNINITIALIZED_AUTOS = YES;
				GCC_WARN_UNUSED_VARIABLE = YES;
				IPHONEOS_DEPLOYMENT_TARGET = 6.1;
				ONLY_ACTIVE_ARCH = YES;
				SDKROOT = iphoneos;
				TARGETED_DEVICE_FAMILY = "1,2";
			};
			name = Debug;
		};
		BE40B463175C3C150065C0FE /* Release */ = {
			isa = XCBuildConfiguration;
			buildSettings = {
				ALWAYS_SEARCH_USER_PATHS = NO;
				CLANG_CXX_LANGUAGE_STANDARD = "gnu++0x";
				CLANG_CXX_LIBRARY = "libc++";
				CLANG_ENABLE_OBJC_ARC = YES;
				CLANG_WARN_CONSTANT_CONVERSION = YES;
				CLANG_WARN_EMPTY_BODY = YES;
				CLANG_WARN_ENUM_CONVERSION = YES;
				CLANG_WARN_INT_CONVERSION = YES;
				CLANG_WARN__DUPLICATE_METHOD_MATCH = YES;
				"CODE_SIGN_IDENTITY[sdk=iphoneos*]" = "iPhone Developer";
				COPY_PHASE_STRIP = YES;
				GCC_C_LANGUAGE_STANDARD = gnu99;
				GCC_WARN_ABOUT_RETURN_TYPE = YES;
				GCC_WARN_UNINITIALIZED_AUTOS = YES;
				GCC_WARN_UNUSED_VARIABLE = YES;
				IPHONEOS_DEPLOYMENT_TARGET = 6.1;
				OTHER_CFLAGS = "-DNS_BLOCK_ASSERTIONS=1";
				SDKROOT = iphoneos;
				TARGETED_DEVICE_FAMILY = "1,2";
				VALIDATE_PRODUCT = YES;
			};
			name = Release;
		};
		BE40B465175C3C150065C0FE /* Debug */ = {
			isa = XCBuildConfiguration;
			buildSettings = {
				GCC_PRECOMPILE_PREFIX_HEADER = YES;
				GCC_PREFIX_HEADER = "ExampleApp/ExampleApp-Prefix.pch";
				INFOPLIST_FILE = "ExampleApp/ExampleApp-Info.plist";
				PRODUCT_NAME = "$(TARGET_NAME)";
				TARGETED_DEVICE_FAMILY = 1;
				WRAPPER_EXTENSION = app;
			};
			name = Debug;
		};
		BE40B466175C3C150065C0FE /* Release */ = {
			isa = XCBuildConfiguration;
			buildSettings = {
				GCC_PRECOMPILE_PREFIX_HEADER = YES;
				GCC_PREFIX_HEADER = "ExampleApp/ExampleApp-Prefix.pch";
				INFOPLIST_FILE = "ExampleApp/ExampleApp-Info.plist";
				PRODUCT_NAME = "$(TARGET_NAME)";
				TARGETED_DEVICE_FAMILY = 1;
				WRAPPER_EXTENSION = app;
			};
			name = Release;
		};
/* End XCBuildConfiguration section */

/* Begin XCConfigurationList section */
		BE40B439175C3C150065C0FE /* Build configuration list for PBXProject "ExampleApp" */ = {
			isa = XCConfigurationList;
			buildConfigurations = (
				BE40B462175C3C150065C0FE /* Debug */,
				BE40B463175C3C150065C0FE /* Release */,
			);
			defaultConfigurationIsVisible = 0;
			defaultConfigurationName = Release;
		};
		BE40B464175C3C150065C0FE /* Build configuration list for PBXNativeTarget "ExampleApp" */ = {
			isa = XCConfigurationList;
			buildConfigurations = (
				BE40B465175C3C150065C0FE /* Debug */,
				BE40B466175C3C150065C0FE /* Release */,
			);
			defaultConfigurationIsVisible = 0;
		};
/* End XCConfigurationList section */
	};
	rootObject = BE40B436175C3C150065C0FE /* Project object */;
}
